lockfileVersion: '9.0'

settings:
  autoInstallPeers: true
  excludeLinksFromLockfile: false

importers:

  .:
    dependencies:
      '@ti-ui/components':
        specifier: workspace:^
        version: link:packages/components
      '@ti-ui/theme-chalk':
        specifier: workspace:^
        version: link:packages/theme-chalk
      '@ti-ui/utils':
        specifier: workspace:^
        version: link:packages/utils
    devDependencies:
      typescript:
        specifier: ^5.5.4
        version: 5.5.4

  packages/components: {}

  packages/theme-chalk: {}

  packages/utils: {}

packages:

  typescript@5.5.4:
    resolution: {integrity: sha512-Mtq29sKDAEYP7aljRgtPOpTvOfbwRWlS6dPRzwjdE+C0R4brX/GUyhHSecbHMFLNBLcJIPt9nl9yG5TZ1weH+Q==}
    engines: {node: '>=14.17'}
    hasBin: true

snapshots:

  typescript@5.5.4: {}
